
Microsoft Visual Studio Solution File, Format Version 12.00
# Visual Studio 14
VisualStudioVersion = 14.0.25420.1
MinimumVisualStudioVersion = 10.0.40219.1
Project("{2150E333-8FDC-42A3-9474-1A3956D46DE8}") = "Engine", "Engine", "{74AE79F8-D8E8-4C53-8098-CB027E7EA752}"
EndProject
Project("{2150E333-8FDC-42A3-9474-1A3956D46DE8}") = "Games", "Games", "{39CCE392-FE52-414A-8B19-93C47836F5DF}"
EndProject
Project("{8BC9CEB8-8B4A-11D0-8D11-00A0C91BC942}") = "UE4", "Intermediate\ProjectFiles\UE4.vcxproj", "{17069F85-F609-4CA4-8DB0-2470086D3A49}"
EndProject
Project("{8BC9CEB8-8B4A-11D0-8D11-00A0C91BC942}") = "NPJ2018SeniorProject", "Intermediate\ProjectFiles\NPJ2018SeniorProject.vcxproj", "{6ADFEA5D-FAC5-4BB8-91BE-1D1059BA30BA}"
EndProject
Global
	GlobalSection(SolutionConfigurationPlatforms) = preSolution
		DebugGame Editor|HTML5 = DebugGame Editor|HTML5
		DebugGame Editor|Win32 = DebugGame Editor|Win32
		DebugGame Editor|Win64 = DebugGame Editor|Win64
		DebugGame|HTML5 = DebugGame|HTML5
		DebugGame|Win32 = DebugGame|Win32
		DebugGame|Win64 = DebugGame|Win64
		Development Editor|HTML5 = Development Editor|HTML5
		Development Editor|Win32 = Development Editor|Win32
		Development Editor|Win64 = Development Editor|Win64
		Development|HTML5 = Development|HTML5
		Development|Win32 = Development|Win32
		Development|Win64 = Development|Win64
		Shipping|HTML5 = Shipping|HTML5
		Shipping|Win32 = Shipping|Win32
		Shipping|Win64 = Shipping|Win64
	EndGlobalSection
	GlobalSection(ProjectConfigurationPlatforms) = postSolution
		{17069F85-F609-4CA4-8DB0-2470086D3A49}.DebugGame Editor|HTML5.ActiveCfg = BuiltWithUnrealBuildTool|Win32
		{17069F85-F609-4CA4-8DB0-2470086D3A49}.DebugGame Editor|HTML5.Build.0 = BuiltWithUnrealBuildTool|Win32
		{17069F85-F609-4CA4-8DB0-2470086D3A49}.DebugGame Editor|Win32.ActiveCfg = BuiltWithUnrealBuildTool|Win32
		{17069F85-F609-4CA4-8DB0-2470086D3A49}.DebugGame Editor|Win32.Build.0 = BuiltWithUnrealBuildTool|Win32
		{17069F85-F609-4CA4-8DB0-2470086D3A49}.DebugGame Editor|Win64.ActiveCfg = BuiltWithUnrealBuildTool|Win32
		{17069F85-F609-4CA4-8DB0-2470086D3A49}.DebugGame Editor|Win64.Build.0 = BuiltWithUnrealBuildTool|Win32
		{17069F85-F609-4CA4-8DB0-2470086D3A49}.DebugGame|HTML5.ActiveCfg = BuiltWithUnrealBuildTool|Win32
		{17069F85-F609-4CA4-8DB0-2470086D3A49}.DebugGame|HTML5.Build.0 = BuiltWithUnrealBuildTool|Win32
		{17069F85-F609-4CA4-8DB0-2470086D3A49}.DebugGame|Win32.ActiveCfg = BuiltWithUnrealBuildTool|Win32
		{17069F85-F609-4CA4-8DB0-2470086D3A49}.DebugGame|Win32.Build.0 = BuiltWithUnrealBuildTool|Win32
		{17069F85-F609-4CA4-8DB0-2470086D3A49}.DebugGame|Win64.ActiveCfg = BuiltWithUnrealBuildTool|Win32
		{17069F85-F609-4CA4-8DB0-2470086D3A49}.DebugGame|Win64.Build.0 = BuiltWithUnrealBuildTool|Win32
		{17069F85-F609-4CA4-8DB0-2470086D3A49}.Development Editor|HTML5.ActiveCfg = BuiltWithUnrealBuildTool|Win32
		{17069F85-F609-4CA4-8DB0-2470086D3A49}.Development Editor|HTML5.Build.0 = BuiltWithUnrealBuildTool|Win32
		{17069F85-F609-4CA4-8DB0-2470086D3A49}.Development Editor|Win32.ActiveCfg = BuiltWithUnrealBuildTool|Win32
		{17069F85-F609-4CA4-8DB0-2470086D3A49}.Development Editor|Win32.Build.0 = BuiltWithUnrealBuildTool|Win32
		{17069F85-F609-4CA4-8DB0-2470086D3A49}.Development Editor|Win64.ActiveCfg = BuiltWithUnrealBuildTool|Win32
		{17069F85-F609-4CA4-8DB0-2470086D3A49}.Development Editor|Win64.Build.0 = BuiltWithUnrealBuildTool|Win32
		{17069F85-F609-4CA4-8DB0-2470086D3A49}.Development|HTML5.ActiveCfg = BuiltWithUnrealBuildTool|Win32
		{17069F85-F609-4CA4-8DB0-2470086D3A49}.Development|HTML5.Build.0 = BuiltWithUnrealBuildTool|Win32
		{17069F85-F609-4CA4-8DB0-2470086D3A49}.Development|Win32.ActiveCfg = BuiltWithUnrealBuildTool|Win32
		{17069F85-F609-4CA4-8DB0-2470086D3A49}.Development|Win32.Build.0 = BuiltWithUnrealBuildTool|Win32
		{17069F85-F609-4CA4-8DB0-2470086D3A49}.Development|Win64.ActiveCfg = BuiltWithUnrealBuildTool|Win32
		{17069F85-F609-4CA4-8DB0-2470086D3A49}.Development|Win64.Build.0 = BuiltWithUnrealBuildTool|Win32
		{17069F85-F609-4CA4-8DB0-2470086D3A49}.Shipping|HTML5.ActiveCfg = BuiltWithUnrealBuildTool|Win32
		{17069F85-F609-4CA4-8DB0-2470086D3A49}.Shipping|HTML5.Build.0 = BuiltWithUnrealBuildTool|Win32
		{17069F85-F609-4CA4-8DB0-2470086D3A49}.Shipping|Win32.ActiveCfg = BuiltWithUnrealBuildTool|Win32
		{17069F85-F609-4CA4-8DB0-2470086D3A49}.Shipping|Win32.Build.0 = BuiltWithUnrealBuildTool|Win32
		{17069F85-F609-4CA4-8DB0-2470086D3A49}.Shipping|Win64.ActiveCfg = BuiltWithUnrealBuildTool|Win32
		{17069F85-F609-4CA4-8DB0-2470086D3A49}.Shipping|Win64.Build.0 = BuiltWithUnrealBuildTool|Win32
		{6ADFEA5D-FAC5-4BB8-91BE-1D1059BA30BA}.DebugGame Editor|HTML5.ActiveCfg = HTML5_DebugGame_Editor|Win32
		{6ADFEA5D-FAC5-4BB8-91BE-1D1059BA30BA}.DebugGame Editor|Win32.ActiveCfg = DebugGame_Editor|Win32
		{6ADFEA5D-FAC5-4BB8-91BE-1D1059BA30BA}.DebugGame Editor|Win64.ActiveCfg = DebugGame_Editor|x64
		{6ADFEA5D-FAC5-4BB8-91BE-1D1059BA30BA}.DebugGame Editor|Win64.Build.0 = DebugGame_Editor|x64
		{6ADFEA5D-FAC5-4BB8-91BE-1D1059BA30BA}.DebugGame|HTML5.ActiveCfg = HTML5_DebugGame_Game|Win32
		{6ADFEA5D-FAC5-4BB8-91BE-1D1059BA30BA}.DebugGame|HTML5.Build.0 = HTML5_DebugGame_Game|Win32
		{6ADFEA5D-FAC5-4BB8-91BE-1D1059BA30BA}.DebugGame|Win32.ActiveCfg = DebugGame_Game|Win32
		{6ADFEA5D-FAC5-4BB8-91BE-1D1059BA30BA}.DebugGame|Win32.Build.0 = DebugGame_Game|Win32
		{6ADFEA5D-FAC5-4BB8-91BE-1D1059BA30BA}.DebugGame|Win64.ActiveCfg = DebugGame_Game|x64
		{6ADFEA5D-FAC5-4BB8-91BE-1D1059BA30BA}.DebugGame|Win64.Build.0 = DebugGame_Game|x64
		{6ADFEA5D-FAC5-4BB8-91BE-1D1059BA30BA}.Development Editor|HTML5.ActiveCfg = HTML5_Development_Editor|Win32
		{6ADFEA5D-FAC5-4BB8-91BE-1D1059BA30BA}.Development Editor|Win32.ActiveCfg = Development_Editor|Win32
		{6ADFEA5D-FAC5-4BB8-91BE-1D1059BA30BA}.Development Editor|Win64.ActiveCfg = Development_Editor|x64
		{6ADFEA5D-FAC5-4BB8-91BE-1D1059BA30BA}.Development Editor|Win64.Build.0 = Development_Editor|x64
		{6ADFEA5D-FAC5-4BB8-91BE-1D1059BA30BA}.Development|HTML5.ActiveCfg = HTML5_Development_Game|Win32
		{6ADFEA5D-FAC5-4BB8-91BE-1D1059BA30BA}.Development|HTML5.Build.0 = HTML5_Development_Game|Win32
		{6ADFEA5D-FAC5-4BB8-91BE-1D1059BA30BA}.Development|Win32.ActiveCfg = Development_Game|Win32
		{6ADFEA5D-FAC5-4BB8-91BE-1D1059BA30BA}.Development|Win32.Build.0 = Development_Game|Win32
		{6ADFEA5D-FAC5-4BB8-91BE-1D1059BA30BA}.Development|Win64.ActiveCfg = Development_Game|x64
		{6ADFEA5D-FAC5-4BB8-91BE-1D1059BA30BA}.Development|Win64.Build.0 = Development_Game|x64
		{6ADFEA5D-FAC5-4BB8-91BE-1D1059BA30BA}.Shipping|HTML5.ActiveCfg = HTML5_Shipping_Game|Win32
		{6ADFEA5D-FAC5-4BB8-91BE-1D1059BA30BA}.Shipping|HTML5.Build.0 = HTML5_Shipping_Game|Win32
		{6ADFEA5D-FAC5-4BB8-91BE-1D1059BA30BA}.Shipping|Win32.ActiveCfg = Shipping_Game|Win32
		{6ADFEA5D-FAC5-4BB8-91BE-1D1059BA30BA}.Shipping|Win32.Build.0 = Shipping_Game|Win32
		{6ADFEA5D-FAC5-4BB8-91BE-1D1059BA30BA}.Shipping|Win64.ActiveCfg = Shipping_Game|x64
		{6ADFEA5D-FAC5-4BB8-91BE-1D1059BA30BA}.Shipping|Win64.Build.0 = Shipping_Game|x64
	EndGlobalSection
	GlobalSection(SolutionProperties) = preSolution
		HideSolutionNode = FALSE
	EndGlobalSection
	GlobalSection(NestedProjects) = preSolution
		{17069F85-F609-4CA4-8DB0-2470086D3A49} = {74AE79F8-D8E8-4C53-8098-CB027E7EA752}
		{6ADFEA5D-FAC5-4BB8-91BE-1D1059BA30BA} = {39CCE392-FE52-414A-8B19-93C47836F5DF}
	EndGlobalSection
EndGlobal
